
Microsoft Visual Studio Solution File, Format Version 12.00
# Visual Studio Version 16
VisualStudioVersion = 16.0.32126.315
MinimumVisualStudioVersion = 10.0.40219.1
Project("{FAE04EC0-301F-11D3-BF4B-00C04F79EFBC}") = "TravelTripProje", "TravelTripProje\TravelTripProje.csproj", "{55757B9A-6226-4860-BEF4-450FF5E5E6A0}"
EndProject
Global
	GlobalSection(SolutionConfigurationPlatforms) = preSolution
		Debug|Any CPU = Debug|Any CPU
		Release|Any CPU = Release|Any CPU
	EndGlobalSection
	GlobalSection(ProjectConfigurationPlatforms) = postSolution
		{55757B9A-6226-4860-BEF4-450FF5E5E6A0}.Debug|Any CPU.ActiveCfg = Debug|Any CPU
		{55757B9A-6226-4860-BEF4-450FF5E5E6A0}.Debug|Any CPU.Build.0 = Debug|Any CPU
		{55757B9A-6226-4860-BEF4-450FF5E5E6A0}.Release|Any CPU.ActiveCfg = Release|Any CPU
		{55757B9A-6226-4860-BEF4-450FF5E5E6A0}.Release|Any CPU.Build.0 = Release|Any CPU
	EndGlobalSection
	GlobalSection(SolutionProperties) = preSolution
		HideSolutionNode = FALSE
	EndGlobalSection
	GlobalSection(ExtensibilityGlobals) = postSolution
		SolutionGuid = {8B52F9BD-5B58-4972-94A1-AEBBCAA7F369}
	EndGlobalSection
EndGlobal
